
Microsoft Visual Studio Solution File, Format Version 12.00
# Visual Studio Version 17
VisualStudioVersion = 17.13.35919.96 d17.13
MinimumVisualStudioVersion = 10.0.40219.1
Project("{FAE04EC0-301F-11D3-BF4B-00C04F79EFBC}") = "OLPRibbonTab", "OLPRibbonTab\OLPRibbonTab.csproj", "{8D83D927-D117-4E8C-88E0-A1664B0252B4}"
EndProject
Global
	GlobalSection(SolutionConfigurationPlatforms) = preSolution
		2019|Any CPU = 2019|Any CPU
		2020|Any CPU = 2020|Any CPU
		2021|Any CPU = 2021|Any CPU
		2022|Any CPU = 2022|Any CPU
		2023|Any CPU = 2023|Any CPU
		2024|Any CPU = 2024|Any CPU
		2025|Any CPU = 2025|Any CPU
		Debug 2019|Any CPU = Debug 2019|Any CPU
		Debug 2020|Any CPU = Debug 2020|Any CPU
		Debug 2021|Any CPU = Debug 2021|Any CPU
		Debug 2022|Any CPU = Debug 2022|Any CPU
		Debug 2023|Any CPU = Debug 2023|Any CPU
		Debug 2024|Any CPU = Debug 2024|Any CPU
		Debug 2025|Any CPU = Debug 2025|Any CPU
	EndGlobalSection
	GlobalSection(ProjectConfigurationPlatforms) = postSolution
		{8D83D927-D117-4E8C-88E0-A1664B0252B4}.2019|Any CPU.ActiveCfg = 2019|Any CPU
		{8D83D927-D117-4E8C-88E0-A1664B0252B4}.2019|Any CPU.Build.0 = 2019|Any CPU
		{8D83D927-D117-4E8C-88E0-A1664B0252B4}.2020|Any CPU.ActiveCfg = 2020|Any CPU
		{8D83D927-D117-4E8C-88E0-A1664B0252B4}.2020|Any CPU.Build.0 = 2020|Any CPU
		{8D83D927-D117-4E8C-88E0-A1664B0252B4}.2021|Any CPU.ActiveCfg = 2021|Any CPU
		{8D83D927-D117-4E8C-88E0-A1664B0252B4}.2021|Any CPU.Build.0 = 2021|Any CPU
		{8D83D927-D117-4E8C-88E0-A1664B0252B4}.2022|Any CPU.ActiveCfg = 2022|Any CPU
		{8D83D927-D117-4E8C-88E0-A1664B0252B4}.2022|Any CPU.Build.0 = 2022|Any CPU
		{8D83D927-D117-4E8C-88E0-A1664B0252B4}.2023|Any CPU.ActiveCfg = 2023|Any CPU
		{8D83D927-D117-4E8C-88E0-A1664B0252B4}.2023|Any CPU.Build.0 = 2023|Any CPU
		{8D83D927-D117-4E8C-88E0-A1664B0252B4}.2024|Any CPU.ActiveCfg = 2024|Any CPU
		{8D83D927-D117-4E8C-88E0-A1664B0252B4}.2024|Any CPU.Build.0 = 2024|Any CPU
		{8D83D927-D117-4E8C-88E0-A1664B0252B4}.2025|Any CPU.ActiveCfg = 2025|Any CPU
		{8D83D927-D117-4E8C-88E0-A1664B0252B4}.2025|Any CPU.Build.0 = 2025|Any CPU
		{8D83D927-D117-4E8C-88E0-A1664B0252B4}.Debug 2019|Any CPU.ActiveCfg = Debug 2019|Any CPU
		{8D83D927-D117-4E8C-88E0-A1664B0252B4}.Debug 2019|Any CPU.Build.0 = Debug 2019|Any CPU
		{8D83D927-D117-4E8C-88E0-A1664B0252B4}.Debug 2020|Any CPU.ActiveCfg = Debug 2020|Any CPU
		{8D83D927-D117-4E8C-88E0-A1664B0252B4}.Debug 2020|Any CPU.Build.0 = Debug 2020|Any CPU
		{8D83D927-D117-4E8C-88E0-A1664B0252B4}.Debug 2021|Any CPU.ActiveCfg = Debug 2021|Any CPU
		{8D83D927-D117-4E8C-88E0-A1664B0252B4}.Debug 2021|Any CPU.Build.0 = Debug 2021|Any CPU
		{8D83D927-D117-4E8C-88E0-A1664B0252B4}.Debug 2022|Any CPU.ActiveCfg = Debug 2022|Any CPU
		{8D83D927-D117-4E8C-88E0-A1664B0252B4}.Debug 2022|Any CPU.Build.0 = Debug 2022|Any CPU
		{8D83D927-D117-4E8C-88E0-A1664B0252B4}.Debug 2023|Any CPU.ActiveCfg = Debug 2023|Any CPU
		{8D83D927-D117-4E8C-88E0-A1664B0252B4}.Debug 2023|Any CPU.Build.0 = Debug 2023|Any CPU
		{8D83D927-D117-4E8C-88E0-A1664B0252B4}.Debug 2024|Any CPU.ActiveCfg = Debug 2024|Any CPU
		{8D83D927-D117-4E8C-88E0-A1664B0252B4}.Debug 2024|Any CPU.Build.0 = Debug 2024|Any CPU
		{8D83D927-D117-4E8C-88E0-A1664B0252B4}.Debug 2025|Any CPU.ActiveCfg = Debug 2025|Any CPU
		{8D83D927-D117-4E8C-88E0-A1664B0252B4}.Debug 2025|Any CPU.Build.0 = Debug 2025|Any CPU
	EndGlobalSection
	GlobalSection(SolutionProperties) = preSolution
		HideSolutionNode = FALSE
	EndGlobalSection
	GlobalSection(ExtensibilityGlobals) = postSolution
		SolutionGuid = {CD587E23-6064-4DE7-A2E7-F5980772D93B}
	EndGlobalSection
EndGlobal
